// !$*UTF8*$!
{
	archiveVersion = 1;
	classes = {
	};
	objectVersion = 50;
	objects = {

/* Begin PBXBuildFile section */
		2418ACA323ECC18A0099D44C /* DroneOffsetsWidget.swift in Sources */ = {isa = PBXBuildFile; fileRef = 2418ACA223ECC18A0099D44C /* DroneOffsetsWidget.swift */; };
		242AC08623870D4C00438D26 /* TelemetryWidget.swift in Sources */ = {isa = PBXBuildFile; fileRef = 242AC08523870D4C00438D26 /* TelemetryWidget.swift */; };
		2446AF98236A0153001A1C4F /* Localizable.strings in Resources */ = {isa = PBXBuildFile; fileRef = 2446AF96236A0153001A1C4F /* Localizable.strings */; };
		2446AF99236A0153001A1C4F /* Images.xcassets in Resources */ = {isa = PBXBuildFile; fileRef = 2446AF97236A0153001A1C4F /* Images.xcassets */; };
		2459750B23679B8C008CAB6B /* DronelinkUI.swift in Sources */ = {isa = PBXBuildFile; fileRef = 2459750A23679B8C008CAB6B /* DronelinkUI.swift */; };
		2459751623679D1F008CAB6B /* Extensions.swift in Sources */ = {isa = PBXBuildFile; fileRef = 2459751523679D1F008CAB6B /* Extensions.swift */; };
		2459751823679DCB008CAB6B /* MissionExecutorWidget.swift in Sources */ = {isa = PBXBuildFile; fileRef = 2459751723679DCB008CAB6B /* MissionExecutorWidget.swift */; };
		2459752F2367A22D008CAB6B /* MapboxMapWidget.swift in Sources */ = {isa = PBXBuildFile; fileRef = 2459752E2367A22D008CAB6B /* MapboxMapWidget.swift */; };
		2475371D24252FAA00FFC696 /* CameraOffsetsWidget.swift in Sources */ = {isa = PBXBuildFile; fileRef = 2475371C24252FAA00FFC696 /* CameraOffsetsWidget.swift */; };
		247E09EA244F407500D002A2 /* MicrosoftMapWidget.swift in Sources */ = {isa = PBXBuildFile; fileRef = 247E09E9244F407500D002A2 /* MicrosoftMapWidget.swift */; };
		2490A791257EDBB500253F11 /* RTKSettingsWidget.swift in Sources */ = {isa = PBXBuildFile; fileRef = 2490A78F257EDBB500253F11 /* RTKSettingsWidget.swift */; };
		2490A792257EDBB500253F11 /* RTKStatusWidget.swift in Sources */ = {isa = PBXBuildFile; fileRef = 2490A790257EDBB500253F11 /* RTKStatusWidget.swift */; };
		2492514E257FCACE005F5AC9 /* NumericInstrumentWidget.swift in Sources */ = {isa = PBXBuildFile; fileRef = 2492514D257FCACE005F5AC9 /* NumericInstrumentWidget.swift */; };
		249F37182576ECF500472A7D /* StatusWidget.swift in Sources */ = {isa = PBXBuildFile; fileRef = 249F37172576ECF500472A7D /* StatusWidget.swift */; };
		249F37342576EF2900472A7D /* Widget.swift in Sources */ = {isa = PBXBuildFile; fileRef = 249F37332576EF2900472A7D /* Widget.swift */; };
		249F37802577D01800472A7D /* DashboardWidget.swift in Sources */ = {isa = PBXBuildFile; fileRef = 249F377F2577D01800472A7D /* DashboardWidget.swift */; };
		24B92C7923E314A2007A42DD /* FuncExecutorWidget.swift in Sources */ = {isa = PBXBuildFile; fileRef = 24B92C7823E314A2007A42DD /* FuncExecutorWidget.swift */; };
		24BEBF8325408343001AE3EF /* ModeExecutorWidget.swift in Sources */ = {isa = PBXBuildFile; fileRef = 24BEBF8225408343001AE3EF /* ModeExecutorWidget.swift */; };
		6D20AECFB161EA080C35F653 /* Pods_DronelinkCoreUI.framework in Frameworks */ = {isa = PBXBuildFile; fileRef = 8F7D3C265E6BBF786EBE496C /* Pods_DronelinkCoreUI.framework */; };
		E4AD4F4C257FEEDC00404783 /* CameraModeWidget.swift in Sources */ = {isa = PBXBuildFile; fileRef = E4AD4F4B257FEEDC00404783 /* CameraModeWidget.swift */; };
		E4AD4F6725800F9700404783 /* FlightModeWidget.swift in Sources */ = {isa = PBXBuildFile; fileRef = E4AD4F6625800F9700404783 /* FlightModeWidget.swift */; };
		E4AD4F82258105A600404783 /* GPSWidget.swift in Sources */ = {isa = PBXBuildFile; fileRef = E4AD4F81258105A600404783 /* GPSWidget.swift */; };
		E4AD4F9D258115D400404783 /* UplinkWidget.swift in Sources */ = {isa = PBXBuildFile; fileRef = E4AD4F9C258115D400404783 /* UplinkWidget.swift */; };
		E4AD4FA0258115E000404783 /* DownlinkWidget.swift in Sources */ = {isa = PBXBuildFile; fileRef = E4AD4F9F258115E000404783 /* DownlinkWidget.swift */; };
		E4AD50042581547200404783 /* BatteryWidget.swift in Sources */ = {isa = PBXBuildFile; fileRef = E4AD50032581547100404783 /* BatteryWidget.swift */; };
		E4AD501F258167F600404783 /* SignalWidget.swift in Sources */ = {isa = PBXBuildFile; fileRef = E4AD501E258167F600404783 /* SignalWidget.swift */; };
		E4F1FBB925795A3900778068 /* CameraCaptureWidget.swift in Sources */ = {isa = PBXBuildFile; fileRef = E4F1FBB825795A3900778068 /* CameraCaptureWidget.swift */; };
/* End PBXBuildFile section */

/* Begin PBXFileReference section */
		240F3EE12369C84500B067C9 /* DronelinkCore.framework */ = {isa = PBXFileReference; lastKnownFileType = wrapper.framework; name = DronelinkCore.framework; path = "../../../Library/Developer/Xcode/DerivedData/DronelinkCore-axedavwqiblhelaoasdodvirayyu/Build/Intermediates.noindex/ArchiveIntermediates/DronelinkCore-Universal/IntermediateBuildFilesPath/UninstalledProducts/iphoneos/DronelinkCore.framework"; sourceTree = "<group>"; };
		2418ACA223ECC18A0099D44C /* DroneOffsetsWidget.swift */ = {isa = PBXFileReference; lastKnownFileType = sourcecode.swift; path = DroneOffsetsWidget.swift; sourceTree = "<group>"; };
		242AC08523870D4C00438D26 /* TelemetryWidget.swift */ = {isa = PBXFileReference; lastKnownFileType = sourcecode.swift; path = TelemetryWidget.swift; sourceTree = "<group>"; };
		2446AF96236A0153001A1C4F /* Localizable.strings */ = {isa = PBXFileReference; fileEncoding = 4; lastKnownFileType = text.plist.strings; path = Localizable.strings; sourceTree = "<group>"; };
		2446AF97236A0153001A1C4F /* Images.xcassets */ = {isa = PBXFileReference; lastKnownFileType = folder.assetcatalog; path = Images.xcassets; sourceTree = "<group>"; };
		245974FF23679A9D008CAB6B /* DronelinkCoreUI.framework */ = {isa = PBXFileReference; explicitFileType = wrapper.framework; includeInIndex = 0; path = DronelinkCoreUI.framework; sourceTree = BUILT_PRODUCTS_DIR; };
		2459750323679A9D008CAB6B /* Info.plist */ = {isa = PBXFileReference; lastKnownFileType = text.plist.xml; path = Info.plist; sourceTree = "<group>"; };
		2459750A23679B8C008CAB6B /* DronelinkUI.swift */ = {isa = PBXFileReference; lastKnownFileType = sourcecode.swift; path = DronelinkUI.swift; sourceTree = "<group>"; };
		2459751523679D1F008CAB6B /* Extensions.swift */ = {isa = PBXFileReference; fileEncoding = 4; lastKnownFileType = sourcecode.swift; path = Extensions.swift; sourceTree = "<group>"; };
		2459751723679DCB008CAB6B /* MissionExecutorWidget.swift */ = {isa = PBXFileReference; fileEncoding = 4; lastKnownFileType = sourcecode.swift; path = MissionExecutorWidget.swift; sourceTree = "<group>"; };
		2459752E2367A22D008CAB6B /* MapboxMapWidget.swift */ = {isa = PBXFileReference; lastKnownFileType = sourcecode.swift; path = MapboxMapWidget.swift; sourceTree = "<group>"; };
		2475371C24252FAA00FFC696 /* CameraOffsetsWidget.swift */ = {isa = PBXFileReference; lastKnownFileType = sourcecode.swift; path = CameraOffsetsWidget.swift; sourceTree = "<group>"; };
		247E09E9244F407500D002A2 /* MicrosoftMapWidget.swift */ = {isa = PBXFileReference; lastKnownFileType = sourcecode.swift; path = MicrosoftMapWidget.swift; sourceTree = "<group>"; };
		2490A78F257EDBB500253F11 /* RTKSettingsWidget.swift */ = {isa = PBXFileReference; fileEncoding = 4; lastKnownFileType = sourcecode.swift; path = RTKSettingsWidget.swift; sourceTree = "<group>"; };
		2490A790257EDBB500253F11 /* RTKStatusWidget.swift */ = {isa = PBXFileReference; fileEncoding = 4; lastKnownFileType = sourcecode.swift; path = RTKStatusWidget.swift; sourceTree = "<group>"; };
		2492514D257FCACE005F5AC9 /* NumericInstrumentWidget.swift */ = {isa = PBXFileReference; lastKnownFileType = sourcecode.swift; path = NumericInstrumentWidget.swift; sourceTree = "<group>"; };
		249F37172576ECF500472A7D /* StatusWidget.swift */ = {isa = PBXFileReference; lastKnownFileType = sourcecode.swift; path = StatusWidget.swift; sourceTree = "<group>"; };
		249F37332576EF2900472A7D /* Widget.swift */ = {isa = PBXFileReference; lastKnownFileType = sourcecode.swift; path = Widget.swift; sourceTree = "<group>"; };
		249F377F2577D01800472A7D /* DashboardWidget.swift */ = {isa = PBXFileReference; lastKnownFileType = sourcecode.swift; path = DashboardWidget.swift; sourceTree = "<group>"; };
		24B92C7823E314A2007A42DD /* FuncExecutorWidget.swift */ = {isa = PBXFileReference; lastKnownFileType = sourcecode.swift; path = FuncExecutorWidget.swift; sourceTree = "<group>"; };
		24BEBF8225408343001AE3EF /* ModeExecutorWidget.swift */ = {isa = PBXFileReference; fileEncoding = 4; lastKnownFileType = sourcecode.swift; path = ModeExecutorWidget.swift; sourceTree = "<group>"; };
		24C355C2F269DEDDB27438E6 /* Pods-DronelinkCoreUI.release.xcconfig */ = {isa = PBXFileReference; includeInIndex = 1; lastKnownFileType = text.xcconfig; name = "Pods-DronelinkCoreUI.release.xcconfig"; path = "Target Support Files/Pods-DronelinkCoreUI/Pods-DronelinkCoreUI.release.xcconfig"; sourceTree = "<group>"; };
		63A236EE9A0A840CC5D6A2AD /* Pods-DronelinkCoreUI.debug.xcconfig */ = {isa = PBXFileReference; includeInIndex = 1; lastKnownFileType = text.xcconfig; name = "Pods-DronelinkCoreUI.debug.xcconfig"; path = "Target Support Files/Pods-DronelinkCoreUI/Pods-DronelinkCoreUI.debug.xcconfig"; sourceTree = "<group>"; };
		8F7D3C265E6BBF786EBE496C /* Pods_DronelinkCoreUI.framework */ = {isa = PBXFileReference; explicitFileType = wrapper.framework; includeInIndex = 0; path = Pods_DronelinkCoreUI.framework; sourceTree = BUILT_PRODUCTS_DIR; };
		E4AD4F4B257FEEDC00404783 /* CameraModeWidget.swift */ = {isa = PBXFileReference; lastKnownFileType = sourcecode.swift; path = CameraModeWidget.swift; sourceTree = "<group>"; };
		E4AD4F6625800F9700404783 /* FlightModeWidget.swift */ = {isa = PBXFileReference; lastKnownFileType = sourcecode.swift; path = FlightModeWidget.swift; sourceTree = "<group>"; };
		E4AD4F81258105A600404783 /* GPSWidget.swift */ = {isa = PBXFileReference; lastKnownFileType = sourcecode.swift; path = GPSWidget.swift; sourceTree = "<group>"; };
		E4AD4F9C258115D400404783 /* UplinkWidget.swift */ = {isa = PBXFileReference; lastKnownFileType = sourcecode.swift; path = UplinkWidget.swift; sourceTree = "<group>"; };
		E4AD4F9F258115E000404783 /* DownlinkWidget.swift */ = {isa = PBXFileReference; lastKnownFileType = sourcecode.swift; path = DownlinkWidget.swift; sourceTree = "<group>"; };
		E4AD50032581547100404783 /* BatteryWidget.swift */ = {isa = PBXFileReference; lastKnownFileType = sourcecode.swift; path = BatteryWidget.swift; sourceTree = "<group>"; };
		E4AD501E258167F600404783 /* SignalWidget.swift */ = {isa = PBXFileReference; lastKnownFileType = sourcecode.swift; path = SignalWidget.swift; sourceTree = "<group>"; };
		E4F1FBB825795A3900778068 /* CameraCaptureWidget.swift */ = {isa = PBXFileReference; lastKnownFileType = sourcecode.swift; path = CameraCaptureWidget.swift; sourceTree = "<group>"; };
/* End PBXFileReference section */

/* Begin PBXFrameworksBuildPhase section */
		245974FC23679A9D008CAB6B /* Frameworks */ = {
			isa = PBXFrameworksBuildPhase;
			buildActionMask = 2147483647;
			files = (
				6D20AECFB161EA080C35F653 /* Pods_DronelinkCoreUI.framework in Frameworks */,
			);
			runOnlyForDeploymentPostprocessing = 0;
		};
/* End PBXFrameworksBuildPhase section */

/* Begin PBXGroup section */
		2446AF95236A0153001A1C4F /* Resources */ = {
			isa = PBXGroup;
			children = (
				2446AF96236A0153001A1C4F /* Localizable.strings */,
				2446AF97236A0153001A1C4F /* Images.xcassets */,
			);
			path = Resources;
			sourceTree = "<group>";
		};
		245974F523679A9D008CAB6B = {
			isa = PBXGroup;
			children = (
				2459750123679A9D008CAB6B /* DronelinkCoreUI */,
				2459750023679A9D008CAB6B /* Products */,
				783BE3B6C33D811FD103FD83 /* Pods */,
				A297CDE33B45FC3D041F3E98 /* Frameworks */,
			);
			sourceTree = "<group>";
		};
		2459750023679A9D008CAB6B /* Products */ = {
			isa = PBXGroup;
			children = (
				245974FF23679A9D008CAB6B /* DronelinkCoreUI.framework */,
			);
			name = Products;
			sourceTree = "<group>";
		};
		2459750123679A9D008CAB6B /* DronelinkCoreUI */ = {
			isa = PBXGroup;
			children = (
				E4AD50032581547100404783 /* BatteryWidget.swift */,
				E4F1FBB825795A3900778068 /* CameraCaptureWidget.swift */,
				E4AD4F4B257FEEDC00404783 /* CameraModeWidget.swift */,
				2475371C24252FAA00FFC696 /* CameraOffsetsWidget.swift */,
				249F377F2577D01800472A7D /* DashboardWidget.swift */,
				E4AD4F9F258115E000404783 /* DownlinkWidget.swift */,
				2459750A23679B8C008CAB6B /* DronelinkUI.swift */,
				2418ACA223ECC18A0099D44C /* DroneOffsetsWidget.swift */,
				2459751523679D1F008CAB6B /* Extensions.swift */,
				E4AD4F6625800F9700404783 /* FlightModeWidget.swift */,
				24B92C7823E314A2007A42DD /* FuncExecutorWidget.swift */,
				E4AD4F81258105A600404783 /* GPSWidget.swift */,
				2459752E2367A22D008CAB6B /* MapboxMapWidget.swift */,
				247E09E9244F407500D002A2 /* MicrosoftMapWidget.swift */,
				2459751723679DCB008CAB6B /* MissionExecutorWidget.swift */,
				24BEBF8225408343001AE3EF /* ModeExecutorWidget.swift */,
				2492514D257FCACE005F5AC9 /* NumericInstrumentWidget.swift */,
				2490A78F257EDBB500253F11 /* RTKSettingsWidget.swift */,
				2490A790257EDBB500253F11 /* RTKStatusWidget.swift */,
				E4AD501E258167F600404783 /* SignalWidget.swift */,
				249F37172576ECF500472A7D /* StatusWidget.swift */,
				242AC08523870D4C00438D26 /* TelemetryWidget.swift */,
				E4AD4F9C258115D400404783 /* UplinkWidget.swift */,
				249F37332576EF2900472A7D /* Widget.swift */,
				2459750323679A9D008CAB6B /* Info.plist */,
				2446AF95236A0153001A1C4F /* Resources */,
			);
			path = DronelinkCoreUI;
			sourceTree = "<group>";
		};
		783BE3B6C33D811FD103FD83 /* Pods */ = {
			isa = PBXGroup;
			children = (
				63A236EE9A0A840CC5D6A2AD /* Pods-DronelinkCoreUI.debug.xcconfig */,
				24C355C2F269DEDDB27438E6 /* Pods-DronelinkCoreUI.release.xcconfig */,
			);
			path = Pods;
			sourceTree = "<group>";
		};
		A297CDE33B45FC3D041F3E98 /* Frameworks */ = {
			isa = PBXGroup;
			children = (
				240F3EE12369C84500B067C9 /* DronelinkCore.framework */,
				8F7D3C265E6BBF786EBE496C /* Pods_DronelinkCoreUI.framework */,
			);
			name = Frameworks;
			sourceTree = "<group>";
		};
/* End PBXGroup section */

/* Begin PBXHeadersBuildPhase section */
		245974FA23679A9D008CAB6B /* Headers */ = {
			isa = PBXHeadersBuildPhase;
			buildActionMask = 2147483647;
			files = (
			);
			runOnlyForDeploymentPostprocessing = 0;
		};
/* End PBXHeadersBuildPhase section */

/* Begin PBXNativeTarget section */
		245974FE23679A9D008CAB6B /* DronelinkCoreUI */ = {
			isa = PBXNativeTarget;
			buildConfigurationList = 2459750723679A9D008CAB6B /* Build configuration list for PBXNativeTarget "DronelinkCoreUI" */;
			buildPhases = (
				1EB379B8F43E53908E48F4DC /* [CP] Check Pods Manifest.lock */,
				245974FA23679A9D008CAB6B /* Headers */,
				245974FB23679A9D008CAB6B /* Sources */,
				245974FC23679A9D008CAB6B /* Frameworks */,
				245974FD23679A9D008CAB6B /* Resources */,
			);
			buildRules = (
			);
			dependencies = (
			);
			name = DronelinkCoreUI;
			productName = DronelinkCoreUI;
			productReference = 245974FF23679A9D008CAB6B /* DronelinkCoreUI.framework */;
			productType = "com.apple.product-type.framework";
		};
/* End PBXNativeTarget section */

/* Begin PBXProject section */
		245974F623679A9D008CAB6B /* Project object */ = {
			isa = PBXProject;
			attributes = {
				LastUpgradeCheck = 1210;
				ORGANIZATIONNAME = Dronelink;
				TargetAttributes = {
					245974FE23679A9D008CAB6B = {
						CreatedOnToolsVersion = 11.1;
						LastSwiftMigration = 1110;
					};
				};
			};
			buildConfigurationList = 245974F923679A9D008CAB6B /* Build configuration list for PBXProject "DronelinkCoreUI" */;
			compatibilityVersion = "Xcode 9.3";
			developmentRegion = en;
			hasScannedForEncodings = 0;
			knownRegions = (
				en,
				Base,
			);
			mainGroup = 245974F523679A9D008CAB6B;
			productRefGroup = 2459750023679A9D008CAB6B /* Products */;
			projectDirPath = "";
			projectRoot = "";
			targets = (
				245974FE23679A9D008CAB6B /* DronelinkCoreUI */,
			);
		};
/* End PBXProject section */

/* Begin PBXResourcesBuildPhase section */
		245974FD23679A9D008CAB6B /* Resources */ = {
			isa = PBXResourcesBuildPhase;
			buildActionMask = 2147483647;
			files = (
				2446AF98236A0153001A1C4F /* Localizable.strings in Resources */,
				2446AF99236A0153001A1C4F /* Images.xcassets in Resources */,
			);
			runOnlyForDeploymentPostprocessing = 0;
		};
/* End PBXResourcesBuildPhase section */

/* Begin PBXShellScriptBuildPhase section */
		1EB379B8F43E53908E48F4DC /* [CP] Check Pods Manifest.lock */ = {
			isa = PBXShellScriptBuildPhase;
			buildActionMask = 2147483647;
			files = (
			);
			inputFileListPaths = (
			);
			inputPaths = (
				"${PODS_PODFILE_DIR_PATH}/Podfile.lock",
				"${PODS_ROOT}/Manifest.lock",
			);
			name = "[CP] Check Pods Manifest.lock";
			outputFileListPaths = (
			);
			outputPaths = (
				"$(DERIVED_FILE_DIR)/Pods-DronelinkCoreUI-checkManifestLockResult.txt",
			);
			runOnlyForDeploymentPostprocessing = 0;
			shellPath = /bin/sh;
			shellScript = "diff \"${PODS_PODFILE_DIR_PATH}/Podfile.lock\" \"${PODS_ROOT}/Manifest.lock\" > /dev/null\nif [ $? != 0 ] ; then\n    # print error to STDERR\n    echo \"error: The sandbox is not in sync with the Podfile.lock. Run 'pod install' or update your CocoaPods installation.\" >&2\n    exit 1\nfi\n# This output is used by Xcode 'outputs' to avoid re-running this script phase.\necho \"SUCCESS\" > \"${SCRIPT_OUTPUT_FILE_0}\"\n";
			showEnvVarsInLog = 0;
		};
/* End PBXShellScriptBuildPhase section */

/* Begin PBXSourcesBuildPhase section */
		245974FB23679A9D008CAB6B /* Sources */ = {
			isa = PBXSourcesBuildPhase;
			buildActionMask = 2147483647;
			files = (
				E4F1FBB925795A3900778068 /* CameraCaptureWidget.swift in Sources */,
				E4AD50042581547200404783 /* BatteryWidget.swift in Sources */,
				E4AD4F6725800F9700404783 /* FlightModeWidget.swift in Sources */,
				2418ACA323ECC18A0099D44C /* DroneOffsetsWidget.swift in Sources */,
				2459751823679DCB008CAB6B /* MissionExecutorWidget.swift in Sources */,
				24BEBF8325408343001AE3EF /* ModeExecutorWidget.swift in Sources */,
				E4AD501F258167F600404783 /* SignalWidget.swift in Sources */,
				2490A791257EDBB500253F11 /* RTKSettingsWidget.swift in Sources */,
				2475371D24252FAA00FFC696 /* CameraOffsetsWidget.swift in Sources */,
				247E09EA244F407500D002A2 /* MicrosoftMapWidget.swift in Sources */,
				E4AD4FA0258115E000404783 /* DownlinkWidget.swift in Sources */,
				249F37182576ECF500472A7D /* StatusWidget.swift in Sources */,
				2459752F2367A22D008CAB6B /* MapboxMapWidget.swift in Sources */,
				2492514E257FCACE005F5AC9 /* NumericInstrumentWidget.swift in Sources */,
				2459750B23679B8C008CAB6B /* DronelinkUI.swift in Sources */,
				E4AD4F4C257FEEDC00404783 /* CameraModeWidget.swift in Sources */,
				2490A792257EDBB500253F11 /* RTKStatusWidget.swift in Sources */,
				242AC08623870D4C00438D26 /* TelemetryWidget.swift in Sources */,
				E4AD4F82258105A600404783 /* GPSWidget.swift in Sources */,
				24B92C7923E314A2007A42DD /* FuncExecutorWidget.swift in Sources */,
				2459751623679D1F008CAB6B /* Extensions.swift in Sources */,
				249F37802577D01800472A7D /* DashboardWidget.swift in Sources */,
				E4AD4F9D258115D400404783 /* UplinkWidget.swift in Sources */,
				249F37342576EF2900472A7D /* Widget.swift in Sources */,
			);
			runOnlyForDeploymentPostprocessing = 0;
		};
/* End PBXSourcesBuildPhase section */

/* Begin XCBuildConfiguration section */
		2459750523679A9D008CAB6B /* Debug */ = {
			isa = XCBuildConfiguration;
			buildSettings = {
				ALWAYS_SEARCH_USER_PATHS = NO;
				CLANG_ANALYZER_NONNULL = YES;
				CLANG_ANALYZER_NUMBER_OBJECT_CONVERSION = YES_AGGRESSIVE;
				CLANG_CXX_LANGUAGE_STANDARD = "gnu++14";
				CLANG_CXX_LIBRARY = "libc++";
				CLANG_ENABLE_MODULES = YES;
				CLANG_ENABLE_OBJC_ARC = YES;
				CLANG_ENABLE_OBJC_WEAK = YES;
				CLANG_WARN_BLOCK_CAPTURE_AUTORELEASING = YES;
				CLANG_WARN_BOOL_CONVERSION = YES;
				CLANG_WARN_COMMA = YES;
				CLANG_WARN_CONSTANT_CONVERSION = YES;
				CLANG_WARN_DEPRECATED_OBJC_IMPLEMENTATIONS = YES;
				CLANG_WARN_DIRECT_OBJC_ISA_USAGE = YES_ERROR;
				CLANG_WARN_DOCUMENTATION_COMMENTS = YES;
				CLANG_WARN_EMPTY_BODY = YES;
				CLANG_WARN_ENUM_CONVERSION = YES;
				CLANG_WARN_INFINITE_RECURSION = YES;
				CLANG_WARN_INT_CONVERSION = YES;
				CLANG_WARN_NON_LITERAL_NULL_CONVERSION = YES;
				CLANG_WARN_OBJC_IMPLICIT_RETAIN_SELF = YES;
				CLANG_WARN_OBJC_LITERAL_CONVERSION = YES;
				CLANG_WARN_OBJC_ROOT_CLASS = YES_ERROR;
				CLANG_WARN_QUOTED_INCLUDE_IN_FRAMEWORK_HEADER = YES;
				CLANG_WARN_RANGE_LOOP_ANALYSIS = YES;
				CLANG_WARN_STRICT_PROTOTYPES = YES;
				CLANG_WARN_SUSPICIOUS_MOVE = YES;
				CLANG_WARN_UNGUARDED_AVAILABILITY = YES_AGGRESSIVE;
				CLANG_WARN_UNREACHABLE_CODE = YES;
				CLANG_WARN__DUPLICATE_METHOD_MATCH = YES;
				COPY_PHASE_STRIP = NO;
				CURRENT_PROJECT_VERSION = 1;
				DEBUG_INFORMATION_FORMAT = dwarf;
				ENABLE_STRICT_OBJC_MSGSEND = YES;
				ENABLE_TESTABILITY = YES;
				EXCLUDED_ARCHS = arm64;
				GCC_C_LANGUAGE_STANDARD = gnu11;
				GCC_DYNAMIC_NO_PIC = NO;
				GCC_NO_COMMON_BLOCKS = YES;
				GCC_OPTIMIZATION_LEVEL = 0;
				GCC_PREPROCESSOR_DEFINITIONS = (
					"DEBUG=1",
					"$(inherited)",
				);
				GCC_WARN_64_TO_32_BIT_CONVERSION = YES;
				GCC_WARN_ABOUT_RETURN_TYPE = YES_ERROR;
				GCC_WARN_UNDECLARED_SELECTOR = YES;
				GCC_WARN_UNINITIALIZED_AUTOS = YES_AGGRESSIVE;
				GCC_WARN_UNUSED_FUNCTION = YES;
				GCC_WARN_UNUSED_VARIABLE = YES;
				IPHONEOS_DEPLOYMENT_TARGET = 13.1;
				MTL_ENABLE_DEBUG_INFO = INCLUDE_SOURCE;
				MTL_FAST_MATH = YES;
				ONLY_ACTIVE_ARCH = YES;
				SDKROOT = iphoneos;
				SWIFT_ACTIVE_COMPILATION_CONDITIONS = DEBUG;
				SWIFT_OPTIMIZATION_LEVEL = "-Onone";
				VERSIONING_SYSTEM = "apple-generic";
				VERSION_INFO_PREFIX = "";
			};
			name = Debug;
		};
		2459750623679A9D008CAB6B /* Release */ = {
			isa = XCBuildConfiguration;
			buildSettings = {
				ALWAYS_SEARCH_USER_PATHS = NO;
				CLANG_ANALYZER_NONNULL = YES;
				CLANG_ANALYZER_NUMBER_OBJECT_CONVERSION = YES_AGGRESSIVE;
				CLANG_CXX_LANGUAGE_STANDARD = "gnu++14";
				CLANG_CXX_LIBRARY = "libc++";
				CLANG_ENABLE_MODULES = YES;
				CLANG_ENABLE_OBJC_ARC = YES;
				CLANG_ENABLE_OBJC_WEAK = YES;
				CLANG_WARN_BLOCK_CAPTURE_AUTORELEASING = YES;
				CLANG_WARN_BOOL_CONVERSION = YES;
				CLANG_WARN_COMMA = YES;
				CLANG_WARN_CONSTANT_CONVERSION = YES;
				CLANG_WARN_DEPRECATED_OBJC_IMPLEMENTATIONS = YES;
				CLANG_WARN_DIRECT_OBJC_ISA_USAGE = YES_ERROR;
				CLANG_WARN_DOCUMENTATION_COMMENTS = YES;
				CLANG_WARN_EMPTY_BODY = YES;
				CLANG_WARN_ENUM_CONVERSION = YES;
				CLANG_WARN_INFINITE_RECURSION = YES;
				CLANG_WARN_INT_CONVERSION = YES;
				CLANG_WARN_NON_LITERAL_NULL_CONVERSION = YES;
				CLANG_WARN_OBJC_IMPLICIT_RETAIN_SELF = YES;
				CLANG_WARN_OBJC_LITERAL_CONVERSION = YES;
				CLANG_WARN_OBJC_ROOT_CLASS = YES_ERROR;
				CLANG_WARN_QUOTED_INCLUDE_IN_FRAMEWORK_HEADER = YES;
				CLANG_WARN_RANGE_LOOP_ANALYSIS = YES;
				CLANG_WARN_STRICT_PROTOTYPES = YES;
				CLANG_WARN_SUSPICIOUS_MOVE = YES;
				CLANG_WARN_UNGUARDED_AVAILABILITY = YES_AGGRESSIVE;
				CLANG_WARN_UNREACHABLE_CODE = YES;
				CLANG_WARN__DUPLICATE_METHOD_MATCH = YES;
				COPY_PHASE_STRIP = NO;
				CURRENT_PROJECT_VERSION = 1;
				DEBUG_INFORMATION_FORMAT = "dwarf-with-dsym";
				ENABLE_NS_ASSERTIONS = NO;
				ENABLE_STRICT_OBJC_MSGSEND = YES;
				EXCLUDED_ARCHS = arm64;
				GCC_C_LANGUAGE_STANDARD = gnu11;
				GCC_NO_COMMON_BLOCKS = YES;
				GCC_WARN_64_TO_32_BIT_CONVERSION = YES;
				GCC_WARN_ABOUT_RETURN_TYPE = YES_ERROR;
				GCC_WARN_UNDECLARED_SELECTOR = YES;
				GCC_WARN_UNINITIALIZED_AUTOS = YES_AGGRESSIVE;
				GCC_WARN_UNUSED_FUNCTION = YES;
				GCC_WARN_UNUSED_VARIABLE = YES;
				IPHONEOS_DEPLOYMENT_TARGET = 13.1;
				MTL_ENABLE_DEBUG_INFO = NO;
				MTL_FAST_MATH = YES;
				ONLY_ACTIVE_ARCH = YES;
				SDKROOT = iphoneos;
				SWIFT_COMPILATION_MODE = wholemodule;
				SWIFT_OPTIMIZATION_LEVEL = "-O";
				VALIDATE_PRODUCT = YES;
				VERSIONING_SYSTEM = "apple-generic";
				VERSION_INFO_PREFIX = "";
			};
			name = Release;
		};
		2459750823679A9D008CAB6B /* Debug */ = {
			isa = XCBuildConfiguration;
			baseConfigurationReference = 63A236EE9A0A840CC5D6A2AD /* Pods-DronelinkCoreUI.debug.xcconfig */;
			buildSettings = {
				ARCHS = "$(ARCHS_STANDARD)";
				CLANG_ENABLE_MODULES = YES;
				CODE_SIGN_STYLE = Automatic;
				DEFINES_MODULE = YES;
				DEVELOPMENT_TEAM = HB9BS895PG;
				DYLIB_COMPATIBILITY_VERSION = 1;
				DYLIB_CURRENT_VERSION = 1;
				DYLIB_INSTALL_NAME_BASE = "@rpath";
				"EXCLUDED_ARCHS[sdk=iphonesimulator*]" = arm64;
				FRAMEWORK_SEARCH_PATHS = (
					"$(inherited)",
					"\"${PODS_ROOT}/Mapbox-iOS-SDK/dynamic\"",
				);
				INFOPLIST_FILE = DronelinkCoreUI/Info.plist;
				INSTALL_PATH = "$(LOCAL_LIBRARY_DIR)/Frameworks";
				IPHONEOS_DEPLOYMENT_TARGET = 12.0;
				LD_RUNPATH_SEARCH_PATHS = (
					"$(inherited)",
					"@executable_path/Frameworks",
					"@loader_path/Frameworks",
				);
				MARKETING_VERSION = 2.1.0;
				PRODUCT_BUNDLE_IDENTIFIER = com.dronelink.DronelinkCoreUI;
				PRODUCT_NAME = "$(TARGET_NAME:c99extidentifier)";
				SKIP_INSTALL = YES;
				SUPPORTS_MACCATALYST = NO;
				SWIFT_OPTIMIZATION_LEVEL = "-Onone";
				SWIFT_VERSION = 5.0;
				TARGETED_DEVICE_FAMILY = "1,2";
			};
			name = Debug;
		};
		2459750923679A9D008CAB6B /* Release */ = {
			isa = XCBuildConfiguration;
			baseConfigurationReference = 24C355C2F269DEDDB27438E6 /* Pods-DronelinkCoreUI.release.xcconfig */;
			buildSettings = {
				ARCHS = "$(ARCHS_STANDARD)";
				CLANG_ENABLE_MODULES = YES;
				CODE_SIGN_STYLE = Automatic;
				DEFINES_MODULE = YES;
				DEVELOPMENT_TEAM = HB9BS895PG;
				DYLIB_COMPATIBILITY_VERSION = 1;
				DYLIB_CURRENT_VERSION = 1;
				DYLIB_INSTALL_NAME_BASE = "@rpath";
				"EXCLUDED_ARCHS[sdk=iphonesimulator*]" = arm64;
				FRAMEWORK_SEARCH_PATHS = (
					"$(inherited)",
					"\"${PODS_ROOT}/Mapbox-iOS-SDK/dynamic\"",
				);
				INFOPLIST_FILE = DronelinkCoreUI/Info.plist;
				INSTALL_PATH = "$(LOCAL_LIBRARY_DIR)/Frameworks";
				IPHONEOS_DEPLOYMENT_TARGET = 12.0;
				LD_RUNPATH_SEARCH_PATHS = (
					"$(inherited)",
					"@executable_path/Frameworks",
					"@loader_path/Frameworks",
				);
				MARKETING_VERSION = 2.1.0;
				ONLY_ACTIVE_ARCH = YES;
				PRODUCT_BUNDLE_IDENTIFIER = com.dronelink.DronelinkCoreUI;
				PRODUCT_NAME = "$(TARGET_NAME:c99extidentifier)";
				SKIP_INSTALL = YES;
				SUPPORTS_MACCATALYST = NO;
				SWIFT_VERSION = 5.0;
				TARGETED_DEVICE_FAMILY = "1,2";
			};
			name = Release;
		};
/* End XCBuildConfiguration section */

/* Begin XCConfigurationList section */
		245974F923679A9D008CAB6B /* Build configuration list for PBXProject "DronelinkCoreUI" */ = {
			isa = XCConfigurationList;
			buildConfigurations = (
				2459750523679A9D008CAB6B /* Debug */,
				2459750623679A9D008CAB6B /* Release */,
			);
			defaultConfigurationIsVisible = 0;
			defaultConfigurationName = Release;
		};
		2459750723679A9D008CAB6B /* Build configuration list for PBXNativeTarget "DronelinkCoreUI" */ = {
			isa = XCConfigurationList;
			buildConfigurations = (
				2459750823679A9D008CAB6B /* Debug */,
				2459750923679A9D008CAB6B /* Release */,
			);
			defaultConfigurationIsVisible = 0;
			defaultConfigurationName = Release;
		};
/* End XCConfigurationList section */
	};
	rootObject = 245974F623679A9D008CAB6B /* Project object */;
}
